
Microsoft Visual Studio Solution File, Format Version 12.00
# Visual Studio Version 17
VisualStudioVersion = 17.2.32616.157
MinimumVisualStudioVersion = 10.0.40219.1
Project("{9A19103F-16F7-4668-BE54-9A1E7A4F7556}") = "RazorTagHelpers", "RazorTagHelpers.csproj", "{47E1FDD2-3335-4991-861C-9478DC74A97C}"
EndProject
Global
	GlobalSection(SolutionConfigurationPlatforms) = preSolution
		Debug|Any CPU = Debug|Any CPU
		Release|Any CPU = Release|Any CPU
	EndGlobalSection
	GlobalSection(ProjectConfigurationPlatforms) = postSolution
		{47E1FDD2-3335-4991-861C-9478DC74A97C}.Debug|Any CPU.ActiveCfg = Debug|Any CPU
		{47E1FDD2-3335-4991-861C-9478DC74A97C}.Debug|Any CPU.Build.0 = Debug|Any CPU
		{47E1FDD2-3335-4991-861C-9478DC74A97C}.Release|Any CPU.ActiveCfg = Release|Any CPU
		{47E1FDD2-3335-4991-861C-9478DC74A97C}.Release|Any CPU.Build.0 = Release|Any CPU
	EndGlobalSection
	GlobalSection(SolutionProperties) = preSolution
		HideSolutionNode = FALSE
	EndGlobalSection
	GlobalSection(ExtensibilityGlobals) = postSolution
		SolutionGuid = {63C56804-F97C-49F5-80E6-41E45B2AF013}
	EndGlobalSection
EndGlobal
